// !$*UTF8*$!
{
	archiveVersion = 1;
	classes = {
	};
	objectVersion = 46;
	objects = {

/* Begin PBXBuildFile section */
		4E175AF813ED02DD0087D35F /* TouchHandler.cpp in Sources */ = {isa = PBXBuildFile; fileRef = 4E175AF513ED02DD0087D35F /* TouchHandler.cpp */; };
		4E36BB3113C2D16200D18CA9 /* AudioToolbox.framework in Frameworks */ = {isa = PBXBuildFile; fileRef = 4E36BB2F13C2D16200D18CA9 /* AudioToolbox.framework */; };
		4E98DE04142FF62300289D9B /* EventLogger.cpp in Sources */ = {isa = PBXBuildFile; fileRef = 4E98DE01142FF62300289D9B /* EventLogger.cpp */; };
		4ECFA0AB13C281D4004388CE /* MachineThreadHost.mm in Sources */ = {isa = PBXBuildFile; fileRef = 4ECFA0AA13C281D4004388CE /* MachineThreadHost.mm */; };
		4ECFA0AD13C282F5004388CE /* CoreFoundation.framework in Frameworks */ = {isa = PBXBuildFile; fileRef = 4ECFA0AC13C282F5004388CE /* CoreFoundation.framework */; };
		4ED275C913C1014F00DB7510 /* UIKit.framework in Frameworks */ = {isa = PBXBuildFile; fileRef = 4ED275C813C1014F00DB7510 /* UIKit.framework */; };
		4ED275CB13C1014F00DB7510 /* Foundation.framework in Frameworks */ = {isa = PBXBuildFile; fileRef = 4ED275CA13C1014F00DB7510 /* Foundation.framework */; };
		4ED275CD13C1014F00DB7510 /* CoreGraphics.framework in Frameworks */ = {isa = PBXBuildFile; fileRef = 4ED275CC13C1014F00DB7510 /* CoreGraphics.framework */; };
		4ED275D313C1014F00DB7510 /* InfoPlist.strings in Resources */ = {isa = PBXBuildFile; fileRef = 4ED275D113C1014F00DB7510 /* InfoPlist.strings */; };
		4ED275D613C1014F00DB7510 /* main.m in Sources */ = {isa = PBXBuildFile; fileRef = 4ED275D513C1014F00DB7510 /* main.m */; };
		4ED275D913C1014F00DB7510 /* CirclesAppDelegate.mm in Sources */ = {isa = PBXBuildFile; fileRef = 4ED275D813C1014F00DB7510 /* CirclesAppDelegate.mm */; };
		4ED275E313C104FA00DB7510 /* OpenGLES.framework in Frameworks */ = {isa = PBXBuildFile; fileRef = 4ED275E213C104FA00DB7510 /* OpenGLES.framework */; };
		4ED275E513C1052F00DB7510 /* QuartzCore.framework in Frameworks */ = {isa = PBXBuildFile; fileRef = 4ED275E413C1052F00DB7510 /* QuartzCore.framework */; };
		4ED275E813C1066000DB7510 /* GLView.mm in Sources */ = {isa = PBXBuildFile; fileRef = 4ED275E713C1066000DB7510 /* GLView.mm */; };
		4EEEB86913DFADE50041AD59 /* common.mm in Sources */ = {isa = PBXBuildFile; fileRef = 4EEEB86813DFADE50041AD59 /* common.mm */; };
		4EFBA8CA13D91C22007A0C38 /* Program.cpp in Sources */ = {isa = PBXBuildFile; fileRef = 4EFBA8C213D91C22007A0C38 /* Program.cpp */; };
		4EFBA8CB13D91C22007A0C38 /* RenderingEngine.cpp in Sources */ = {isa = PBXBuildFile; fileRef = 4EFBA8C513D91C22007A0C38 /* RenderingEngine.cpp */; };
		4EFBA8CC13D91C22007A0C38 /* Shader.cpp in Sources */ = {isa = PBXBuildFile; fileRef = 4EFBA8C713D91C22007A0C38 /* Shader.cpp */; };
		4EFBA91013DB761F007A0C38 /* test.fsh in Resources */ = {isa = PBXBuildFile; fileRef = 4EFBA90A13DA5A9B007A0C38 /* test.fsh */; };
		4EFBA91113DB761F007A0C38 /* test.vsh in Resources */ = {isa = PBXBuildFile; fileRef = 4EFBA90B13DA5A9B007A0C38 /* test.vsh */; };
		B13827A2141452BD006E6F59 /* MachineCommand.cpp in Sources */ = {isa = PBXBuildFile; fileRef = B1382794141452BD006E6F59 /* MachineCommand.cpp */; };
		B13827A3141452BD006E6F59 /* MachineGraphCommands.cpp in Sources */ = {isa = PBXBuildFile; fileRef = B1382796141452BD006E6F59 /* MachineGraphCommands.cpp */; };
		B13827A4141452BD006E6F59 /* MachineGraph.cpp in Sources */ = {isa = PBXBuildFile; fileRef = B1382799141452BD006E6F59 /* MachineGraph.cpp */; };
		B13827A5141452BD006E6F59 /* MachineThread.cpp in Sources */ = {isa = PBXBuildFile; fileRef = B138279B141452BD006E6F59 /* MachineThread.cpp */; };
		B13827A6141452BD006E6F59 /* OutputMachine.cpp in Sources */ = {isa = PBXBuildFile; fileRef = B138279D141452BD006E6F59 /* OutputMachine.cpp */; };
		B13827A7141452BD006E6F59 /* SilentMachine.cpp in Sources */ = {isa = PBXBuildFile; fileRef = B138279E141452BD006E6F59 /* SilentMachine.cpp */; };
		B13827A8141452BD006E6F59 /* SineMachine.cpp in Sources */ = {isa = PBXBuildFile; fileRef = B138279F141452BD006E6F59 /* SineMachine.cpp */; };
		B13827A9141452BD006E6F59 /* SoundMachine.cpp in Sources */ = {isa = PBXBuildFile; fileRef = B13827A0141452BD006E6F59 /* SoundMachine.cpp */; };
		B179B63413E5C8C4003FB275 /* ApplicationEngine.cpp in Sources */ = {isa = PBXBuildFile; fileRef = B179B63213E5C8C4003FB275 /* ApplicationEngine.cpp */; };
		B179B63913E5D08D003FB275 /* ApplicationEngineHost.mm in Sources */ = {isa = PBXBuildFile; fileRef = B179B63813E5D08D003FB275 /* ApplicationEngineHost.mm */; };
		B197FB1D141735BB00120726 /* SineMachine.cpp in Sources */ = {isa = PBXBuildFile; fileRef = B197FB17141735BB00120726 /* SineMachine.cpp */; };
		B197FB20141735BB00120726 /* SineMachineTemplate.cpp in Sources */ = {isa = PBXBuildFile; fileRef = B197FB1B141735BB00120726 /* SineMachineTemplate.cpp */; };
		B1C797531404BBE60094A1D2 /* LocalCommandQueue.mm in Sources */ = {isa = PBXBuildFile; fileRef = B1C797521404BBE60094A1D2 /* LocalCommandQueue.mm */; };
		B1D8D9541432D1E1003DCAA1 /* OutputMachine.cpp in Sources */ = {isa = PBXBuildFile; fileRef = B1D8D9531432D1E1003DCAA1 /* OutputMachine.cpp */; };
		B1FE747713E8EAB7001C43C4 /* TouchHandlerHost.mm in Sources */ = {isa = PBXBuildFile; fileRef = B1FE747613E8EAB7001C43C4 /* TouchHandlerHost.mm */; };
/* End PBXBuildFile section */

/* Begin PBXFileReference section */
		4E127FC2141B28680038D890 /* erase_if.hpp */ = {isa = PBXFileReference; fileEncoding = 4; lastKnownFileType = sourcecode.cpp.h; path = erase_if.hpp; sourceTree = "<group>"; };
		4E175AF413ED02DD0087D35F /* Touchable.hpp */ = {isa = PBXFileReference; fileEncoding = 4; lastKnownFileType = sourcecode.cpp.h; path = Touchable.hpp; sourceTree = "<group>"; };
		4E175AF513ED02DD0087D35F /* TouchHandler.cpp */ = {isa = PBXFileReference; fileEncoding = 4; lastKnownFileType = sourcecode.cpp.cpp; path = TouchHandler.cpp; sourceTree = "<group>"; };
		4E175AF613ED02DD0087D35F /* TouchHandler.hpp */ = {isa = PBXFileReference; fileEncoding = 4; lastKnownFileType = sourcecode.cpp.h; path = TouchHandler.hpp; sourceTree = "<group>"; };
		4E175AFA13ED02F30087D35F /* Rectangle.hpp */ = {isa = PBXFileReference; fileEncoding = 4; lastKnownFileType = sourcecode.cpp.h; path = Rectangle.hpp; sourceTree = "<group>"; };
		4E2B56041426FBF2004684CC /* intersection.hpp */ = {isa = PBXFileReference; fileEncoding = 4; lastKnownFileType = sourcecode.cpp.h; path = intersection.hpp; sourceTree = "<group>"; };
		4E2B56051426FBF2004684CC /* Plane.hpp */ = {isa = PBXFileReference; fileEncoding = 4; lastKnownFileType = sourcecode.cpp.h; path = Plane.hpp; sourceTree = "<group>"; };
		4E2B56061426FBF2004684CC /* Ray.hpp */ = {isa = PBXFileReference; fileEncoding = 4; lastKnownFileType = sourcecode.cpp.h; path = Ray.hpp; sourceTree = "<group>"; };
		4E36BB2F13C2D16200D18CA9 /* AudioToolbox.framework */ = {isa = PBXFileReference; lastKnownFileType = wrapper.framework; name = AudioToolbox.framework; path = System/Library/Frameworks/AudioToolbox.framework; sourceTree = SDKROOT; };
		4E387B3113E135B0003DADA2 /* Integer.hpp */ = {isa = PBXFileReference; fileEncoding = 4; lastKnownFileType = sourcecode.cpp.h; path = Integer.hpp; sourceTree = "<group>"; };
		4E387B3213E135B0003DADA2 /* Matrix.hpp */ = {isa = PBXFileReference; fileEncoding = 4; lastKnownFileType = sourcecode.cpp.h; path = Matrix.hpp; sourceTree = "<group>"; };
		4E387B3313E135B0003DADA2 /* ScalarType.hpp */ = {isa = PBXFileReference; fileEncoding = 4; lastKnownFileType = sourcecode.cpp.h; path = ScalarType.hpp; sourceTree = "<group>"; };
		4E387B3413E135B0003DADA2 /* Vec.hpp */ = {isa = PBXFileReference; fileEncoding = 4; lastKnownFileType = sourcecode.cpp.h; path = Vec.hpp; sourceTree = "<group>"; };
		4E5B000013C94A5D0036D68B /* AsynchronousQueue.hpp */ = {isa = PBXFileReference; fileEncoding = 4; lastKnownFileType = sourcecode.cpp.h; path = AsynchronousQueue.hpp; sourceTree = "<group>"; };
		4E5B000113C94A5D0036D68B /* Ticker.hpp */ = {isa = PBXFileReference; fileEncoding = 4; lastKnownFileType = sourcecode.cpp.h; path = Ticker.hpp; sourceTree = "<group>"; };
		4E98DE01142FF62300289D9B /* EventLogger.cpp */ = {isa = PBXFileReference; fileEncoding = 4; lastKnownFileType = sourcecode.cpp.cpp; path = EventLogger.cpp; sourceTree = "<group>"; };
		4E98DE02142FF62300289D9B /* EventLogger.hpp */ = {isa = PBXFileReference; fileEncoding = 4; lastKnownFileType = sourcecode.cpp.h; path = EventLogger.hpp; sourceTree = "<group>"; };
		4ECFA0A913C281D4004388CE /* MachineThreadHost.h */ = {isa = PBXFileReference; fileEncoding = 4; lastKnownFileType = sourcecode.c.h; path = MachineThreadHost.h; sourceTree = "<group>"; };
		4ECFA0AA13C281D4004388CE /* MachineThreadHost.mm */ = {isa = PBXFileReference; fileEncoding = 4; lastKnownFileType = sourcecode.cpp.objcpp; path = MachineThreadHost.mm; sourceTree = "<group>"; };
		4ECFA0AC13C282F5004388CE /* CoreFoundation.framework */ = {isa = PBXFileReference; lastKnownFileType = wrapper.framework; name = CoreFoundation.framework; path = System/Library/Frameworks/CoreFoundation.framework; sourceTree = SDKROOT; };
		4ED275C413C1014F00DB7510 /* Circles.app */ = {isa = PBXFileReference; explicitFileType = wrapper.application; includeInIndex = 0; path = Circles.app; sourceTree = BUILT_PRODUCTS_DIR; };
		4ED275C813C1014F00DB7510 /* UIKit.framework */ = {isa = PBXFileReference; lastKnownFileType = wrapper.framework; name = UIKit.framework; path = System/Library/Frameworks/UIKit.framework; sourceTree = SDKROOT; };
		4ED275CA13C1014F00DB7510 /* Foundation.framework */ = {isa = PBXFileReference; lastKnownFileType = wrapper.framework; name = Foundation.framework; path = System/Library/Frameworks/Foundation.framework; sourceTree = SDKROOT; };
		4ED275CC13C1014F00DB7510 /* CoreGraphics.framework */ = {isa = PBXFileReference; lastKnownFileType = wrapper.framework; name = CoreGraphics.framework; path = System/Library/Frameworks/CoreGraphics.framework; sourceTree = SDKROOT; };
		4ED275D013C1014F00DB7510 /* Circles-Info.plist */ = {isa = PBXFileReference; lastKnownFileType = text.plist.xml; path = "Circles-Info.plist"; sourceTree = "<group>"; };
		4ED275D213C1014F00DB7510 /* en */ = {isa = PBXFileReference; lastKnownFileType = text.plist.strings; name = en; path = en.lproj/InfoPlist.strings; sourceTree = "<group>"; };
		4ED275D413C1014F00DB7510 /* Circles-Prefix.pch */ = {isa = PBXFileReference; lastKnownFileType = sourcecode.c.h; path = "Circles-Prefix.pch"; sourceTree = "<group>"; };
		4ED275D513C1014F00DB7510 /* main.m */ = {isa = PBXFileReference; lastKnownFileType = sourcecode.c.objc; path = main.m; sourceTree = "<group>"; };
		4ED275D713C1014F00DB7510 /* CirclesAppDelegate.h */ = {isa = PBXFileReference; lastKnownFileType = sourcecode.c.h; path = CirclesAppDelegate.h; sourceTree = "<group>"; };
		4ED275D813C1014F00DB7510 /* CirclesAppDelegate.mm */ = {isa = PBXFileReference; lastKnownFileType = sourcecode.cpp.objcpp; path = CirclesAppDelegate.mm; sourceTree = "<group>"; };
		4ED275E213C104FA00DB7510 /* OpenGLES.framework */ = {isa = PBXFileReference; lastKnownFileType = wrapper.framework; name = OpenGLES.framework; path = System/Library/Frameworks/OpenGLES.framework; sourceTree = SDKROOT; };
		4ED275E413C1052F00DB7510 /* QuartzCore.framework */ = {isa = PBXFileReference; lastKnownFileType = wrapper.framework; name = QuartzCore.framework; path = System/Library/Frameworks/QuartzCore.framework; sourceTree = SDKROOT; };
		4ED275E613C1066000DB7510 /* GLView.h */ = {isa = PBXFileReference; fileEncoding = 4; lastKnownFileType = sourcecode.c.h; path = GLView.h; sourceTree = "<group>"; };
		4ED275E713C1066000DB7510 /* GLView.mm */ = {isa = PBXFileReference; fileEncoding = 4; lastKnownFileType = sourcecode.cpp.objcpp; path = GLView.mm; sourceTree = "<group>"; };
		4EEEB86613DFADE50041AD59 /* common.hpp */ = {isa = PBXFileReference; fileEncoding = 4; lastKnownFileType = sourcecode.cpp.h; path = common.hpp; sourceTree = "<group>"; };
		4EEEB86813DFADE50041AD59 /* common.mm */ = {isa = PBXFileReference; fileEncoding = 4; lastKnownFileType = sourcecode.cpp.objcpp; path = common.mm; sourceTree = "<group>"; };
		4EFBA8C213D91C22007A0C38 /* Program.cpp */ = {isa = PBXFileReference; fileEncoding = 4; lastKnownFileType = sourcecode.cpp.cpp; path = Program.cpp; sourceTree = "<group>"; };
		4EFBA8C313D91C22007A0C38 /* Program.hpp */ = {isa = PBXFileReference; fileEncoding = 4; lastKnownFileType = sourcecode.cpp.h; path = Program.hpp; sourceTree = "<group>"; };
		4EFBA8C413D91C22007A0C38 /* Renderable.hpp */ = {isa = PBXFileReference; fileEncoding = 4; lastKnownFileType = sourcecode.cpp.h; path = Renderable.hpp; sourceTree = "<group>"; };
		4EFBA8C513D91C22007A0C38 /* RenderingEngine.cpp */ = {isa = PBXFileReference; fileEncoding = 4; lastKnownFileType = sourcecode.cpp.cpp; path = RenderingEngine.cpp; sourceTree = "<group>"; };
		4EFBA8C613D91C22007A0C38 /* RenderingEngine.hpp */ = {isa = PBXFileReference; fileEncoding = 4; lastKnownFileType = sourcecode.cpp.h; path = RenderingEngine.hpp; sourceTree = "<group>"; };
		4EFBA8C713D91C22007A0C38 /* Shader.cpp */ = {isa = PBXFileReference; fileEncoding = 4; lastKnownFileType = sourcecode.cpp.cpp; path = Shader.cpp; sourceTree = "<group>"; };
		4EFBA8C813D91C22007A0C38 /* Shader.hpp */ = {isa = PBXFileReference; fileEncoding = 4; lastKnownFileType = sourcecode.cpp.h; path = Shader.hpp; sourceTree = "<group>"; };
		4EFBA90A13DA5A9B007A0C38 /* test.fsh */ = {isa = PBXFileReference; fileEncoding = 4; lastKnownFileType = sourcecode.glsl; name = test.fsh; path = shaders/test.fsh; sourceTree = "<group>"; };
		4EFBA90B13DA5A9B007A0C38 /* test.vsh */ = {isa = PBXFileReference; fileEncoding = 4; lastKnownFileType = sourcecode.glsl; name = test.vsh; path = shaders/test.vsh; sourceTree = "<group>"; };
		B1363F6514297CE1004C13C5 /* SoundMachineFactory.hpp */ = {isa = PBXFileReference; fileEncoding = 4; lastKnownFileType = sourcecode.cpp.h; path = SoundMachineFactory.hpp; sourceTree = "<group>"; };
		B1382792141452BD006E6F59 /* Block.hpp */ = {isa = PBXFileReference; fileEncoding = 4; lastKnownFileType = sourcecode.cpp.h; path = Block.hpp; sourceTree = "<group>"; };
		B1382794141452BD006E6F59 /* MachineCommand.cpp */ = {isa = PBXFileReference; fileEncoding = 4; lastKnownFileType = sourcecode.cpp.cpp; path = MachineCommand.cpp; sourceTree = "<group>"; };
		B1382795141452BD006E6F59 /* MachineCommand.hpp */ = {isa = PBXFileReference; fileEncoding = 4; lastKnownFileType = sourcecode.cpp.h; path = MachineCommand.hpp; sourceTree = "<group>"; };
		B1382796141452BD006E6F59 /* MachineGraphCommands.cpp */ = {isa = PBXFileReference; fileEncoding = 4; lastKnownFileType = sourcecode.cpp.cpp; path = MachineGraphCommands.cpp; sourceTree = "<group>"; };
		B1382797141452BD006E6F59 /* MachineGraphCommands.hpp */ = {isa = PBXFileReference; fileEncoding = 4; lastKnownFileType = sourcecode.cpp.h; path = MachineGraphCommands.hpp; sourceTree = "<group>"; };
		B1382799141452BD006E6F59 /* MachineGraph.cpp */ = {isa = PBXFileReference; fileEncoding = 4; lastKnownFileType = sourcecode.cpp.cpp; path = MachineGraph.cpp; sourceTree = "<group>"; };
		B138279A141452BD006E6F59 /* MachineGraph.hpp */ = {isa = PBXFileReference; fileEncoding = 4; lastKnownFileType = sourcecode.cpp.h; path = MachineGraph.hpp; sourceTree = "<group>"; };
		B138279B141452BD006E6F59 /* MachineThread.cpp */ = {isa = PBXFileReference; fileEncoding = 4; lastKnownFileType = sourcecode.cpp.cpp; path = MachineThread.cpp; sourceTree = "<group>"; };
		B138279C141452BD006E6F59 /* MachineThread.hpp */ = {isa = PBXFileReference; fileEncoding = 4; lastKnownFileType = sourcecode.cpp.h; path = MachineThread.hpp; sourceTree = "<group>"; };
		B138279D141452BD006E6F59 /* OutputMachine.cpp */ = {isa = PBXFileReference; fileEncoding = 4; lastKnownFileType = sourcecode.cpp.cpp; path = OutputMachine.cpp; sourceTree = "<group>"; };
		B138279E141452BD006E6F59 /* SilentMachine.cpp */ = {isa = PBXFileReference; fileEncoding = 4; lastKnownFileType = sourcecode.cpp.cpp; path = SilentMachine.cpp; sourceTree = "<group>"; };
		B138279F141452BD006E6F59 /* SineMachine.cpp */ = {isa = PBXFileReference; fileEncoding = 4; lastKnownFileType = sourcecode.cpp.cpp; path = SineMachine.cpp; sourceTree = "<group>"; };
		B13827A0141452BD006E6F59 /* SoundMachine.cpp */ = {isa = PBXFileReference; fileEncoding = 4; lastKnownFileType = sourcecode.cpp.cpp; path = SoundMachine.cpp; sourceTree = "<group>"; };
		B13827A1141452BD006E6F59 /* SoundMachine.hpp */ = {isa = PBXFileReference; fileEncoding = 4; lastKnownFileType = sourcecode.cpp.h; path = SoundMachine.hpp; sourceTree = "<group>"; };
		B139363013E4BDF300463DC8 /* MatrixOps.hpp */ = {isa = PBXFileReference; fileEncoding = 4; lastKnownFileType = sourcecode.cpp.h; path = MatrixOps.hpp; sourceTree = "<group>"; };
		B179B63213E5C8C4003FB275 /* ApplicationEngine.cpp */ = {isa = PBXFileReference; fileEncoding = 4; lastKnownFileType = sourcecode.cpp.cpp; name = ApplicationEngine.cpp; path = app_engine/ApplicationEngine.cpp; sourceTree = "<group>"; };
		B179B63313E5C8C4003FB275 /* ApplicationEngine.hpp */ = {isa = PBXFileReference; fileEncoding = 4; lastKnownFileType = sourcecode.cpp.h; name = ApplicationEngine.hpp; path = app_engine/ApplicationEngine.hpp; sourceTree = "<group>"; };
		B179B63713E5D08D003FB275 /* ApplicationEngineHost.h */ = {isa = PBXFileReference; fileEncoding = 4; lastKnownFileType = sourcecode.c.h; path = ApplicationEngineHost.h; sourceTree = "<group>"; };
		B179B63813E5D08D003FB275 /* ApplicationEngineHost.mm */ = {isa = PBXFileReference; fileEncoding = 4; lastKnownFileType = sourcecode.cpp.objcpp; path = ApplicationEngineHost.mm; sourceTree = "<group>"; };
		B17C7B371415541A00233A0B /* Machine.hpp */ = {isa = PBXFileReference; fileEncoding = 4; lastKnownFileType = sourcecode.cpp.h; path = Machine.hpp; sourceTree = "<group>"; };
		B17C7B381415541A00233A0B /* MachineContainer.hpp */ = {isa = PBXFileReference; fileEncoding = 4; lastKnownFileType = sourcecode.cpp.h; path = MachineContainer.hpp; sourceTree = "<group>"; };
		B197FB16141735BB00120726 /* MachineFactory.hpp */ = {isa = PBXFileReference; fileEncoding = 4; lastKnownFileType = sourcecode.cpp.h; path = MachineFactory.hpp; sourceTree = "<group>"; };
		B197FB17141735BB00120726 /* SineMachine.cpp */ = {isa = PBXFileReference; fileEncoding = 4; lastKnownFileType = sourcecode.cpp.cpp; path = SineMachine.cpp; sourceTree = "<group>"; };
		B197FB1B141735BB00120726 /* SineMachineTemplate.cpp */ = {isa = PBXFileReference; fileEncoding = 4; lastKnownFileType = sourcecode.cpp.cpp; path = SineMachineTemplate.cpp; sourceTree = "<group>"; };
		B197FB1C141735BB00120726 /* Template.hpp */ = {isa = PBXFileReference; fileEncoding = 4; lastKnownFileType = sourcecode.cpp.h; path = Template.hpp; sourceTree = "<group>"; };
		B197FB22141735D100120726 /* Square.hpp */ = {isa = PBXFileReference; fileEncoding = 4; lastKnownFileType = sourcecode.cpp.h; path = Square.hpp; sourceTree = "<group>"; };
		B1C797511404BBE60094A1D2 /* LocalCommandQueue.hpp */ = {isa = PBXFileReference; fileEncoding = 4; lastKnownFileType = sourcecode.cpp.h; path = LocalCommandQueue.hpp; sourceTree = "<group>"; };
		B1C797521404BBE60094A1D2 /* LocalCommandQueue.mm */ = {isa = PBXFileReference; fileEncoding = 4; lastKnownFileType = sourcecode.cpp.objcpp; path = LocalCommandQueue.mm; sourceTree = "<group>"; };
		B1C797551404BC010094A1D2 /* CommandQueue.hpp */ = {isa = PBXFileReference; fileEncoding = 4; lastKnownFileType = sourcecode.cpp.h; name = CommandQueue.hpp; path = app_engine/CommandQueue.hpp; sourceTree = "<group>"; };
		B1D8D9531432D1E1003DCAA1 /* OutputMachine.cpp */ = {isa = PBXFileReference; fileEncoding = 4; lastKnownFileType = sourcecode.cpp.cpp; path = OutputMachine.cpp; sourceTree = "<group>"; };
		B1FE747513E8EAB7001C43C4 /* TouchHandlerHost.h */ = {isa = PBXFileReference; fileEncoding = 4; lastKnownFileType = sourcecode.c.h; path = TouchHandlerHost.h; sourceTree = "<group>"; };
		B1FE747613E8EAB7001C43C4 /* TouchHandlerHost.mm */ = {isa = PBXFileReference; fileEncoding = 4; lastKnownFileType = sourcecode.cpp.objcpp; path = TouchHandlerHost.mm; sourceTree = "<group>"; };
/* End PBXFileReference section */

/* Begin PBXFrameworksBuildPhase section */
		4ED275C113C1014E00DB7510 /* Frameworks */ = {
			isa = PBXFrameworksBuildPhase;
			buildActionMask = 2147483647;
			files = (
				4E36BB3113C2D16200D18CA9 /* AudioToolbox.framework in Frameworks */,
				4ECFA0AD13C282F5004388CE /* CoreFoundation.framework in Frameworks */,
				4ED275E513C1052F00DB7510 /* QuartzCore.framework in Frameworks */,
				4ED275E313C104FA00DB7510 /* OpenGLES.framework in Frameworks */,
				4ED275C913C1014F00DB7510 /* UIKit.framework in Frameworks */,
				4ED275CB13C1014F00DB7510 /* Foundation.framework in Frameworks */,
				4ED275CD13C1014F00DB7510 /* CoreGraphics.framework in Frameworks */,
			);
			runOnlyForDeploymentPostprocessing = 0;
		};
/* End PBXFrameworksBuildPhase section */

/* Begin PBXGroup section */
		4E175AF213ED02DD0087D35F /* input */ = {
			isa = PBXGroup;
			children = (
				4E175AF413ED02DD0087D35F /* Touchable.hpp */,
				4E175AF513ED02DD0087D35F /* TouchHandler.cpp */,
				4E175AF613ED02DD0087D35F /* TouchHandler.hpp */,
			);
			path = input;
			sourceTree = "<group>";
		};
		4E387B2F13E135B0003DADA2 /* math */ = {
			isa = PBXGroup;
			children = (
				4E2B56041426FBF2004684CC /* intersection.hpp */,
				4E2B56051426FBF2004684CC /* Plane.hpp */,
				4E2B56061426FBF2004684CC /* Ray.hpp */,
				4E175AFA13ED02F30087D35F /* Rectangle.hpp */,
				B139363013E4BDF300463DC8 /* MatrixOps.hpp */,
				4E387B3113E135B0003DADA2 /* Integer.hpp */,
				4E387B3213E135B0003DADA2 /* Matrix.hpp */,
				4E387B3313E135B0003DADA2 /* ScalarType.hpp */,
				4E387B3413E135B0003DADA2 /* Vec.hpp */,
			);
			path = math;
			sourceTree = "<group>";
		};
		4E5BFFFF13C94A5D0036D68B /* shared */ = {
			isa = PBXGroup;
			children = (
				4E127FC2141B28680038D890 /* erase_if.hpp */,
				4E98DDFF142FF62300289D9B /* EventLogger */,
				4E5B000013C94A5D0036D68B /* AsynchronousQueue.hpp */,
				4E5B000113C94A5D0036D68B /* Ticker.hpp */,
			);
			path = shared;
			sourceTree = "<group>";
		};
		4E98DDFF142FF62300289D9B /* EventLogger */ = {
			isa = PBXGroup;
			children = (
				4E98DE01142FF62300289D9B /* EventLogger.cpp */,
				4E98DE02142FF62300289D9B /* EventLogger.hpp */,
			);
			path = EventLogger;
			sourceTree = "<group>";
		};
		4ED275B913C1014E00DB7510 = {
			isa = PBXGroup;
			children = (
				B197FB22141735D100120726 /* Square.hpp */,
				B17C7B341415541A00233A0B /* machines */,
				B1382791141452BD006E6F59 /* machine_graph */,
				4E175AF213ED02DD0087D35F /* input */,
				B179B63613E5C8CA003FB275 /* app_engine */,
				4E387B2F13E135B0003DADA2 /* math */,
				4EEEB86513DFADE50041AD59 /* arch */,
				4EFBA8C013D91C22007A0C38 /* renderer */,
				4E5BFFFF13C94A5D0036D68B /* shared */,
				4ED275CE13C1014F00DB7510 /* Circles */,
				4ED275C713C1014F00DB7510 /* Frameworks */,
				4ED275C513C1014F00DB7510 /* Products */,
			);
			sourceTree = "<group>";
		};
		4ED275C513C1014F00DB7510 /* Products */ = {
			isa = PBXGroup;
			children = (
				4ED275C413C1014F00DB7510 /* Circles.app */,
			);
			name = Products;
			sourceTree = "<group>";
		};
		4ED275C713C1014F00DB7510 /* Frameworks */ = {
			isa = PBXGroup;
			children = (
				4ECFA0AC13C282F5004388CE /* CoreFoundation.framework */,
				4E36BB2F13C2D16200D18CA9 /* AudioToolbox.framework */,
				4ED275E413C1052F00DB7510 /* QuartzCore.framework */,
				4ED275E213C104FA00DB7510 /* OpenGLES.framework */,
				4ED275C813C1014F00DB7510 /* UIKit.framework */,
				4ED275CA13C1014F00DB7510 /* Foundation.framework */,
				4ED275CC13C1014F00DB7510 /* CoreGraphics.framework */,
			);
			name = Frameworks;
			sourceTree = "<group>";
		};
		4ED275CE13C1014F00DB7510 /* Circles */ = {
			isa = PBXGroup;
			children = (
				B1C797511404BBE60094A1D2 /* LocalCommandQueue.hpp */,
				B1C797521404BBE60094A1D2 /* LocalCommandQueue.mm */,
				B1FE747513E8EAB7001C43C4 /* TouchHandlerHost.h */,
				B1FE747613E8EAB7001C43C4 /* TouchHandlerHost.mm */,
				B179B63713E5D08D003FB275 /* ApplicationEngineHost.h */,
				B179B63813E5D08D003FB275 /* ApplicationEngineHost.mm */,
				4ECFA0A913C281D4004388CE /* MachineThreadHost.h */,
				4ECFA0AA13C281D4004388CE /* MachineThreadHost.mm */,
				4ED275D713C1014F00DB7510 /* CirclesAppDelegate.h */,
				4ED275D813C1014F00DB7510 /* CirclesAppDelegate.mm */,
				4ED275E613C1066000DB7510 /* GLView.h */,
				4ED275E713C1066000DB7510 /* GLView.mm */,
				4ED275CF13C1014F00DB7510 /* Supporting Files */,
			);
			path = Circles;
			sourceTree = "<group>";
		};
		4ED275CF13C1014F00DB7510 /* Supporting Files */ = {
			isa = PBXGroup;
			children = (
				4ED275D013C1014F00DB7510 /* Circles-Info.plist */,
				4ED275D113C1014F00DB7510 /* InfoPlist.strings */,
				4ED275D413C1014F00DB7510 /* Circles-Prefix.pch */,
				4ED275D513C1014F00DB7510 /* main.m */,
			);
			name = "Supporting Files";
			sourceTree = "<group>";
		};
		4EEEB86513DFADE50041AD59 /* arch */ = {
			isa = PBXGroup;
			children = (
				4EEEB86613DFADE50041AD59 /* common.hpp */,
				4EEEB86713DFADE50041AD59 /* iOS */,
			);
			path = arch;
			sourceTree = "<group>";
		};
		4EEEB86713DFADE50041AD59 /* iOS */ = {
			isa = PBXGroup;
			children = (
				4EEEB86813DFADE50041AD59 /* common.mm */,
			);
			path = iOS;
			sourceTree = "<group>";
		};
		4EFBA8C013D91C22007A0C38 /* renderer */ = {
			isa = PBXGroup;
			children = (
				4EFBA90F13DB6850007A0C38 /* shaders */,
				4EFBA8C213D91C22007A0C38 /* Program.cpp */,
				4EFBA8C313D91C22007A0C38 /* Program.hpp */,
				4EFBA8C413D91C22007A0C38 /* Renderable.hpp */,
				4EFBA8C513D91C22007A0C38 /* RenderingEngine.cpp */,
				4EFBA8C613D91C22007A0C38 /* RenderingEngine.hpp */,
				4EFBA8C713D91C22007A0C38 /* Shader.cpp */,
				4EFBA8C813D91C22007A0C38 /* Shader.hpp */,
			);
			path = renderer;
			sourceTree = "<group>";
		};
		4EFBA90F13DB6850007A0C38 /* shaders */ = {
			isa = PBXGroup;
			children = (
				4EFBA90A13DA5A9B007A0C38 /* test.fsh */,
				4EFBA90B13DA5A9B007A0C38 /* test.vsh */,
			);
			name = shaders;
			sourceTree = "<group>";
		};
		B1382791141452BD006E6F59 /* machine_graph */ = {
			isa = PBXGroup;
			children = (
				B1363F6514297CE1004C13C5 /* SoundMachineFactory.hpp */,
				B1382792141452BD006E6F59 /* Block.hpp */,
				B1382793141452BD006E6F59 /* commands */,
				B1382799141452BD006E6F59 /* MachineGraph.cpp */,
				B138279A141452BD006E6F59 /* MachineGraph.hpp */,
				B138279B141452BD006E6F59 /* MachineThread.cpp */,
				B138279C141452BD006E6F59 /* MachineThread.hpp */,
				B138279D141452BD006E6F59 /* OutputMachine.cpp */,
				B138279E141452BD006E6F59 /* SilentMachine.cpp */,
				B138279F141452BD006E6F59 /* SineMachine.cpp */,
				B13827A0141452BD006E6F59 /* SoundMachine.cpp */,
				B13827A1141452BD006E6F59 /* SoundMachine.hpp */,
			);
			path = machine_graph;
			sourceTree = "<group>";
		};
		B1382793141452BD006E6F59 /* commands */ = {
			isa = PBXGroup;
			children = (
				B1382794141452BD006E6F59 /* MachineCommand.cpp */,
				B1382795141452BD006E6F59 /* MachineCommand.hpp */,
				B1382796141452BD006E6F59 /* MachineGraphCommands.cpp */,
				B1382797141452BD006E6F59 /* MachineGraphCommands.hpp */,
			);
			path = commands;
			sourceTree = "<group>";
		};
		B179B63613E5C8CA003FB275 /* app_engine */ = {
			isa = PBXGroup;
			children = (
				B1C797551404BC010094A1D2 /* CommandQueue.hpp */,
				B179B63213E5C8C4003FB275 /* ApplicationEngine.cpp */,
				B179B63313E5C8C4003FB275 /* ApplicationEngine.hpp */,
			);
			name = app_engine;
			sourceTree = "<group>";
		};
		B17C7B341415541A00233A0B /* machines */ = {
			isa = PBXGroup;
			children = (
				B1D8D9531432D1E1003DCAA1 /* OutputMachine.cpp */,
				B197FB16141735BB00120726 /* MachineFactory.hpp */,
				B197FB17141735BB00120726 /* SineMachine.cpp */,
				B197FB18141735BB00120726 /* templates */,
				B17C7B371415541A00233A0B /* Machine.hpp */,
				B17C7B381415541A00233A0B /* MachineContainer.hpp */,
			);
			path = machines;
			sourceTree = "<group>";
		};
		B197FB18141735BB00120726 /* templates */ = {
			isa = PBXGroup;
			children = (
				B197FB1B141735BB00120726 /* SineMachineTemplate.cpp */,
				B197FB1C141735BB00120726 /* Template.hpp */,
			);
			path = templates;
			sourceTree = "<group>";
		};
/* End PBXGroup section */

/* Begin PBXNativeTarget section */
		4ED275C313C1014E00DB7510 /* Circles */ = {
			isa = PBXNativeTarget;
			buildConfigurationList = 4ED275DF13C1014F00DB7510 /* Build configuration list for PBXNativeTarget "Circles" */;
			buildPhases = (
				4ED275C013C1014E00DB7510 /* Sources */,
				4ED275C113C1014E00DB7510 /* Frameworks */,
				4ED275C213C1014E00DB7510 /* Resources */,
			);
			buildRules = (
			);
			dependencies = (
			);
			name = Circles;
			productName = Circles;
			productReference = 4ED275C413C1014F00DB7510 /* Circles.app */;
			productType = "com.apple.product-type.application";
		};
/* End PBXNativeTarget section */

/* Begin PBXProject section */
		4ED275BB13C1014E00DB7510 /* Project object */ = {
			isa = PBXProject;
			buildConfigurationList = 4ED275BE13C1014E00DB7510 /* Build configuration list for PBXProject "Circles" */;
			compatibilityVersion = "Xcode 3.2";
			developmentRegion = English;
			hasScannedForEncodings = 0;
			knownRegions = (
				en,
			);
			mainGroup = 4ED275B913C1014E00DB7510;
			productRefGroup = 4ED275C513C1014F00DB7510 /* Products */;
			projectDirPath = "";
			projectRoot = "";
			targets = (
				4ED275C313C1014E00DB7510 /* Circles */,
			);
		};
/* End PBXProject section */

/* Begin PBXResourcesBuildPhase section */
		4ED275C213C1014E00DB7510 /* Resources */ = {
			isa = PBXResourcesBuildPhase;
			buildActionMask = 2147483647;
			files = (
				4EFBA91013DB761F007A0C38 /* test.fsh in Resources */,
				4EFBA91113DB761F007A0C38 /* test.vsh in Resources */,
				4ED275D313C1014F00DB7510 /* InfoPlist.strings in Resources */,
			);
			runOnlyForDeploymentPostprocessing = 0;
		};
/* End PBXResourcesBuildPhase section */

/* Begin PBXSourcesBuildPhase section */
		4ED275C013C1014E00DB7510 /* Sources */ = {
			isa = PBXSourcesBuildPhase;
			buildActionMask = 2147483647;
			files = (
				4ED275D613C1014F00DB7510 /* main.m in Sources */,
				4ED275D913C1014F00DB7510 /* CirclesAppDelegate.mm in Sources */,
				4ED275E813C1066000DB7510 /* GLView.mm in Sources */,
				4ECFA0AB13C281D4004388CE /* MachineThreadHost.mm in Sources */,
				4EFBA8CA13D91C22007A0C38 /* Program.cpp in Sources */,
				4EFBA8CB13D91C22007A0C38 /* RenderingEngine.cpp in Sources */,
				4EFBA8CC13D91C22007A0C38 /* Shader.cpp in Sources */,
				4EEEB86913DFADE50041AD59 /* common.mm in Sources */,
				B179B63413E5C8C4003FB275 /* ApplicationEngine.cpp in Sources */,
				B179B63913E5D08D003FB275 /* ApplicationEngineHost.mm in Sources */,
				B1FE747713E8EAB7001C43C4 /* TouchHandlerHost.mm in Sources */,
				4E175AF813ED02DD0087D35F /* TouchHandler.cpp in Sources */,
				B1C797531404BBE60094A1D2 /* LocalCommandQueue.mm in Sources */,
				B13827A2141452BD006E6F59 /* MachineCommand.cpp in Sources */,
				B13827A3141452BD006E6F59 /* MachineGraphCommands.cpp in Sources */,
				B13827A4141452BD006E6F59 /* MachineGraph.cpp in Sources */,
				B13827A5141452BD006E6F59 /* MachineThread.cpp in Sources */,
				B13827A6141452BD006E6F59 /* OutputMachine.cpp in Sources */,
				B13827A7141452BD006E6F59 /* SilentMachine.cpp in Sources */,
				B13827A8141452BD006E6F59 /* SineMachine.cpp in Sources */,
				B13827A9141452BD006E6F59 /* SoundMachine.cpp in Sources */,
				B197FB1D141735BB00120726 /* SineMachine.cpp in Sources */,
				B197FB20141735BB00120726 /* SineMachineTemplate.cpp in Sources */,
				B1D8D9541432D1E1003DCAA1 /* OutputMachine.cpp in Sources */,
				4E98DE04142FF62300289D9B /* EventLogger.cpp in Sources */,
			);
			runOnlyForDeploymentPostprocessing = 0;
		};
/* End PBXSourcesBuildPhase section */

/* Begin PBXVariantGroup section */
		4ED275D113C1014F00DB7510 /* InfoPlist.strings */ = {
			isa = PBXVariantGroup;
			children = (
				4ED275D213C1014F00DB7510 /* en */,
			);
			name = InfoPlist.strings;
			sourceTree = "<group>";
		};
/* End PBXVariantGroup section */

/* Begin XCBuildConfiguration section */
		4ED275DD13C1014F00DB7510 /* Debug */ = {
			isa = XCBuildConfiguration;
			buildSettings = {
				ARCHS = "$(ARCHS_UNIVERSAL_IPHONE_OS)";
				"CODE_SIGN_IDENTITY[sdk=iphoneos*]" = "";
				GCC_C_LANGUAGE_STANDARD = gnu99;
				GCC_OPTIMIZATION_LEVEL = 0;
				GCC_PREPROCESSOR_DEFINITIONS = DEBUG;
				GCC_SYMBOLS_PRIVATE_EXTERN = NO;
				GCC_VERSION = com.apple.compilers.llvmgcc42;
				GCC_WARN_ABOUT_RETURN_TYPE = YES;
				GCC_WARN_UNUSED_VARIABLE = YES;
				HEADER_SEARCH_PATHS = (
					$SOURCE_ROOT,
					/usr/local/include/boost_1_45_0,
				);
				IPHONEOS_DEPLOYMENT_TARGET = 4.3;
				SDKROOT = iphoneos;
				TARGETED_DEVICE_FAMILY = 2;
			};
			name = Debug;
		};
		4ED275DE13C1014F00DB7510 /* Release */ = {
			isa = XCBuildConfiguration;
			buildSettings = {
				ARCHS = "$(ARCHS_UNIVERSAL_IPHONE_OS)";
				"CODE_SIGN_IDENTITY[sdk=iphoneos*]" = "iPhone Developer";
				GCC_C_LANGUAGE_STANDARD = gnu99;
				GCC_VERSION = com.apple.compilers.llvmgcc42;
				GCC_WARN_ABOUT_RETURN_TYPE = YES;
				GCC_WARN_UNUSED_VARIABLE = YES;
				HEADER_SEARCH_PATHS = (
					$SOURCE_ROOT,
					/usr/local/include/boost_1_45_0,
				);
				IPHONEOS_DEPLOYMENT_TARGET = 4.3;
				OTHER_CFLAGS = "-DNS_BLOCK_ASSERTIONS=1";
				SDKROOT = iphoneos;
				TARGETED_DEVICE_FAMILY = 2;
			};
			name = Release;
		};
		4ED275E013C1014F00DB7510 /* Debug */ = {
			isa = XCBuildConfiguration;
			buildSettings = {
				ALWAYS_SEARCH_USER_PATHS = YES;
				COPY_PHASE_STRIP = YES;
				GCC_DYNAMIC_NO_PIC = NO;
				GCC_PRECOMPILE_PREFIX_HEADER = YES;
				GCC_PREFIX_HEADER = "Circles/Circles-Prefix.pch";
				HEADER_SEARCH_PATHS = (
					$SOURCE_ROOT,
					/usr/local/include/boost_1_45_0,
				);
				INFOPLIST_FILE = "Circles/Circles-Info.plist";
				PRODUCT_NAME = "$(TARGET_NAME)";
				WRAPPER_EXTENSION = app;
			};
			name = Debug;
		};
		4ED275E113C1014F00DB7510 /* Release */ = {
			isa = XCBuildConfiguration;
			buildSettings = {
				ALWAYS_SEARCH_USER_PATHS = YES;
				COPY_PHASE_STRIP = NO;
				GCC_PRECOMPILE_PREFIX_HEADER = YES;
				GCC_PREFIX_HEADER = "Circles/Circles-Prefix.pch";
				HEADER_SEARCH_PATHS = (
					$SOURCE_ROOT,
					/usr/local/include/boost_1_45_0,
				);
				INFOPLIST_FILE = "Circles/Circles-Info.plist";
				PRODUCT_NAME = "$(TARGET_NAME)";
				VALIDATE_PRODUCT = YES;
				WRAPPER_EXTENSION = app;
			};
			name = Release;
		};
/* End XCBuildConfiguration section */

/* Begin XCConfigurationList section */
		4ED275BE13C1014E00DB7510 /* Build configuration list for PBXProject "Circles" */ = {
			isa = XCConfigurationList;
			buildConfigurations = (
				4ED275DD13C1014F00DB7510 /* Debug */,
				4ED275DE13C1014F00DB7510 /* Release */,
			);
			defaultConfigurationIsVisible = 0;
			defaultConfigurationName = Release;
		};
		4ED275DF13C1014F00DB7510 /* Build configuration list for PBXNativeTarget "Circles" */ = {
			isa = XCConfigurationList;
			buildConfigurations = (
				4ED275E013C1014F00DB7510 /* Debug */,
				4ED275E113C1014F00DB7510 /* Release */,
			);
			defaultConfigurationIsVisible = 0;
			defaultConfigurationName = Release;
		};
/* End XCConfigurationList section */
	};
	rootObject = 4ED275BB13C1014E00DB7510 /* Project object */;
}
