// !$*UTF8*$!
{
	archiveVersion = 1;
	classes = {
	};
	objectVersion = 46;
	objects = {

/* Begin PBXBuildFile section */
		4E36BB2E13C2AE1800D18CA9 /* MachineThread.cpp in Sources */ = {isa = PBXBuildFile; fileRef = 4E36BB2B13C2AE1800D18CA9 /* MachineThread.cpp */; };
		4E36BB3113C2D16200D18CA9 /* AudioToolbox.framework in Frameworks */ = {isa = PBXBuildFile; fileRef = 4E36BB2F13C2D16200D18CA9 /* AudioToolbox.framework */; };
		4E4530C413C94FB100333B9C /* SineMachine.cpp in Sources */ = {isa = PBXBuildFile; fileRef = 4E36BB2D13C2AE1800D18CA9 /* SineMachine.cpp */; };
		4E5BFFFD13C6D3A00036D68B /* OutputMachine.cpp in Sources */ = {isa = PBXBuildFile; fileRef = 4E5BFFFC13C6D3A00036D68B /* OutputMachine.cpp */; };
		4ECFA0AB13C281D4004388CE /* MachineThreadHost.mm in Sources */ = {isa = PBXBuildFile; fileRef = 4ECFA0AA13C281D4004388CE /* MachineThreadHost.mm */; };
		4ECFA0AD13C282F5004388CE /* CoreFoundation.framework in Frameworks */ = {isa = PBXBuildFile; fileRef = 4ECFA0AC13C282F5004388CE /* CoreFoundation.framework */; };
		4ED275C913C1014F00DB7510 /* UIKit.framework in Frameworks */ = {isa = PBXBuildFile; fileRef = 4ED275C813C1014F00DB7510 /* UIKit.framework */; };
		4ED275CB13C1014F00DB7510 /* Foundation.framework in Frameworks */ = {isa = PBXBuildFile; fileRef = 4ED275CA13C1014F00DB7510 /* Foundation.framework */; };
		4ED275CD13C1014F00DB7510 /* CoreGraphics.framework in Frameworks */ = {isa = PBXBuildFile; fileRef = 4ED275CC13C1014F00DB7510 /* CoreGraphics.framework */; };
		4ED275D313C1014F00DB7510 /* InfoPlist.strings in Resources */ = {isa = PBXBuildFile; fileRef = 4ED275D113C1014F00DB7510 /* InfoPlist.strings */; };
		4ED275D613C1014F00DB7510 /* main.m in Sources */ = {isa = PBXBuildFile; fileRef = 4ED275D513C1014F00DB7510 /* main.m */; };
		4ED275D913C1014F00DB7510 /* CirclesAppDelegate.mm in Sources */ = {isa = PBXBuildFile; fileRef = 4ED275D813C1014F00DB7510 /* CirclesAppDelegate.mm */; };
		4ED275E313C104FA00DB7510 /* OpenGLES.framework in Frameworks */ = {isa = PBXBuildFile; fileRef = 4ED275E213C104FA00DB7510 /* OpenGLES.framework */; };
		4ED275E513C1052F00DB7510 /* QuartzCore.framework in Frameworks */ = {isa = PBXBuildFile; fileRef = 4ED275E413C1052F00DB7510 /* QuartzCore.framework */; };
		4ED275E813C1066000DB7510 /* GLView.mm in Sources */ = {isa = PBXBuildFile; fileRef = 4ED275E713C1066000DB7510 /* GLView.mm */; };
/* End PBXBuildFile section */

/* Begin PBXFileReference section */
		4E36BB2913C2AE1800D18CA9 /* Block.hpp */ = {isa = PBXFileReference; fileEncoding = 4; lastKnownFileType = sourcecode.cpp.h; path = Block.hpp; sourceTree = "<group>"; };
		4E36BB2A13C2AE1800D18CA9 /* Machine.hpp */ = {isa = PBXFileReference; fileEncoding = 4; lastKnownFileType = sourcecode.cpp.h; path = Machine.hpp; sourceTree = "<group>"; };
		4E36BB2B13C2AE1800D18CA9 /* MachineThread.cpp */ = {isa = PBXFileReference; fileEncoding = 4; lastKnownFileType = sourcecode.cpp.cpp; path = MachineThread.cpp; sourceTree = "<group>"; };
		4E36BB2C13C2AE1800D18CA9 /* MachineThread.hpp */ = {isa = PBXFileReference; fileEncoding = 4; lastKnownFileType = sourcecode.cpp.h; path = MachineThread.hpp; sourceTree = "<group>"; };
		4E36BB2D13C2AE1800D18CA9 /* SineMachine.cpp */ = {isa = PBXFileReference; fileEncoding = 4; lastKnownFileType = sourcecode.cpp.cpp; path = SineMachine.cpp; sourceTree = "<group>"; };
		4E36BB2F13C2D16200D18CA9 /* AudioToolbox.framework */ = {isa = PBXFileReference; lastKnownFileType = wrapper.framework; name = AudioToolbox.framework; path = System/Library/Frameworks/AudioToolbox.framework; sourceTree = SDKROOT; };
		4E5B000013C94A5D0036D68B /* AsynchronousQueue.hpp */ = {isa = PBXFileReference; fileEncoding = 4; lastKnownFileType = sourcecode.cpp.h; path = AsynchronousQueue.hpp; sourceTree = "<group>"; };
		4E5B000113C94A5D0036D68B /* Ticker.hpp */ = {isa = PBXFileReference; fileEncoding = 4; lastKnownFileType = sourcecode.cpp.h; path = Ticker.hpp; sourceTree = "<group>"; };
		4E5BFFFC13C6D3A00036D68B /* OutputMachine.cpp */ = {isa = PBXFileReference; fileEncoding = 4; lastKnownFileType = sourcecode.cpp.cpp; path = OutputMachine.cpp; sourceTree = "<group>"; };
		4E5BFFFE13C8078D0036D68B /* MachineFactory.hpp */ = {isa = PBXFileReference; fileEncoding = 4; lastKnownFileType = sourcecode.cpp.h; path = MachineFactory.hpp; sourceTree = "<group>"; };
		4ECFA0A913C281D4004388CE /* MachineThreadHost.h */ = {isa = PBXFileReference; fileEncoding = 4; lastKnownFileType = sourcecode.c.h; path = MachineThreadHost.h; sourceTree = "<group>"; };
		4ECFA0AA13C281D4004388CE /* MachineThreadHost.mm */ = {isa = PBXFileReference; fileEncoding = 4; lastKnownFileType = sourcecode.cpp.objcpp; path = MachineThreadHost.mm; sourceTree = "<group>"; };
		4ECFA0AC13C282F5004388CE /* CoreFoundation.framework */ = {isa = PBXFileReference; lastKnownFileType = wrapper.framework; name = CoreFoundation.framework; path = System/Library/Frameworks/CoreFoundation.framework; sourceTree = SDKROOT; };
		4ED275C413C1014F00DB7510 /* Circles.app */ = {isa = PBXFileReference; explicitFileType = wrapper.application; includeInIndex = 0; path = Circles.app; sourceTree = BUILT_PRODUCTS_DIR; };
		4ED275C813C1014F00DB7510 /* UIKit.framework */ = {isa = PBXFileReference; lastKnownFileType = wrapper.framework; name = UIKit.framework; path = System/Library/Frameworks/UIKit.framework; sourceTree = SDKROOT; };
		4ED275CA13C1014F00DB7510 /* Foundation.framework */ = {isa = PBXFileReference; lastKnownFileType = wrapper.framework; name = Foundation.framework; path = System/Library/Frameworks/Foundation.framework; sourceTree = SDKROOT; };
		4ED275CC13C1014F00DB7510 /* CoreGraphics.framework */ = {isa = PBXFileReference; lastKnownFileType = wrapper.framework; name = CoreGraphics.framework; path = System/Library/Frameworks/CoreGraphics.framework; sourceTree = SDKROOT; };
		4ED275D013C1014F00DB7510 /* Circles-Info.plist */ = {isa = PBXFileReference; lastKnownFileType = text.plist.xml; path = "Circles-Info.plist"; sourceTree = "<group>"; };
		4ED275D213C1014F00DB7510 /* en */ = {isa = PBXFileReference; lastKnownFileType = text.plist.strings; name = en; path = en.lproj/InfoPlist.strings; sourceTree = "<group>"; };
		4ED275D413C1014F00DB7510 /* Circles-Prefix.pch */ = {isa = PBXFileReference; lastKnownFileType = sourcecode.c.h; path = "Circles-Prefix.pch"; sourceTree = "<group>"; };
		4ED275D513C1014F00DB7510 /* main.m */ = {isa = PBXFileReference; lastKnownFileType = sourcecode.c.objc; path = main.m; sourceTree = "<group>"; };
		4ED275D713C1014F00DB7510 /* CirclesAppDelegate.h */ = {isa = PBXFileReference; lastKnownFileType = sourcecode.c.h; path = CirclesAppDelegate.h; sourceTree = "<group>"; };
		4ED275D813C1014F00DB7510 /* CirclesAppDelegate.mm */ = {isa = PBXFileReference; lastKnownFileType = sourcecode.cpp.objcpp; path = CirclesAppDelegate.mm; sourceTree = "<group>"; };
		4ED275E213C104FA00DB7510 /* OpenGLES.framework */ = {isa = PBXFileReference; lastKnownFileType = wrapper.framework; name = OpenGLES.framework; path = System/Library/Frameworks/OpenGLES.framework; sourceTree = SDKROOT; };
		4ED275E413C1052F00DB7510 /* QuartzCore.framework */ = {isa = PBXFileReference; lastKnownFileType = wrapper.framework; name = QuartzCore.framework; path = System/Library/Frameworks/QuartzCore.framework; sourceTree = SDKROOT; };
		4ED275E613C1066000DB7510 /* GLView.h */ = {isa = PBXFileReference; fileEncoding = 4; lastKnownFileType = sourcecode.c.h; path = GLView.h; sourceTree = "<group>"; };
		4ED275E713C1066000DB7510 /* GLView.mm */ = {isa = PBXFileReference; fileEncoding = 4; lastKnownFileType = sourcecode.cpp.objcpp; path = GLView.mm; sourceTree = "<group>"; };
/* End PBXFileReference section */

/* Begin PBXFrameworksBuildPhase section */
		4ED275C113C1014E00DB7510 /* Frameworks */ = {
			isa = PBXFrameworksBuildPhase;
			buildActionMask = 2147483647;
			files = (
				4E36BB3113C2D16200D18CA9 /* AudioToolbox.framework in Frameworks */,
				4ECFA0AD13C282F5004388CE /* CoreFoundation.framework in Frameworks */,
				4ED275E513C1052F00DB7510 /* QuartzCore.framework in Frameworks */,
				4ED275E313C104FA00DB7510 /* OpenGLES.framework in Frameworks */,
				4ED275C913C1014F00DB7510 /* UIKit.framework in Frameworks */,
				4ED275CB13C1014F00DB7510 /* Foundation.framework in Frameworks */,
				4ED275CD13C1014F00DB7510 /* CoreGraphics.framework in Frameworks */,
			);
			runOnlyForDeploymentPostprocessing = 0;
		};
/* End PBXFrameworksBuildPhase section */

/* Begin PBXGroup section */
		4E36BB2813C2AE1800D18CA9 /* machines */ = {
			isa = PBXGroup;
			children = (
				4E5BFFFE13C8078D0036D68B /* MachineFactory.hpp */,
				4E5BFFFC13C6D3A00036D68B /* OutputMachine.cpp */,
				4E36BB2913C2AE1800D18CA9 /* Block.hpp */,
				4E36BB2A13C2AE1800D18CA9 /* Machine.hpp */,
				4E36BB2B13C2AE1800D18CA9 /* MachineThread.cpp */,
				4E36BB2D13C2AE1800D18CA9 /* SineMachine.cpp */,
				4E36BB2C13C2AE1800D18CA9 /* MachineThread.hpp */,
			);
			path = machines;
			sourceTree = "<group>";
		};
		4E5BFFFF13C94A5D0036D68B /* shared */ = {
			isa = PBXGroup;
			children = (
				4E5B000013C94A5D0036D68B /* AsynchronousQueue.hpp */,
				4E5B000113C94A5D0036D68B /* Ticker.hpp */,
			);
			path = shared;
			sourceTree = "<group>";
		};
		4ED275B913C1014E00DB7510 = {
			isa = PBXGroup;
			children = (
				4E5BFFFF13C94A5D0036D68B /* shared */,
				4E36BB2813C2AE1800D18CA9 /* machines */,
				4ED275CE13C1014F00DB7510 /* Circles */,
				4ED275C713C1014F00DB7510 /* Frameworks */,
				4ED275C513C1014F00DB7510 /* Products */,
			);
			sourceTree = "<group>";
		};
		4ED275C513C1014F00DB7510 /* Products */ = {
			isa = PBXGroup;
			children = (
				4ED275C413C1014F00DB7510 /* Circles.app */,
			);
			name = Products;
			sourceTree = "<group>";
		};
		4ED275C713C1014F00DB7510 /* Frameworks */ = {
			isa = PBXGroup;
			children = (
				4ECFA0AC13C282F5004388CE /* CoreFoundation.framework */,
				4E36BB2F13C2D16200D18CA9 /* AudioToolbox.framework */,
				4ED275E413C1052F00DB7510 /* QuartzCore.framework */,
				4ED275E213C104FA00DB7510 /* OpenGLES.framework */,
				4ED275C813C1014F00DB7510 /* UIKit.framework */,
				4ED275CA13C1014F00DB7510 /* Foundation.framework */,
				4ED275CC13C1014F00DB7510 /* CoreGraphics.framework */,
			);
			name = Frameworks;
			sourceTree = "<group>";
		};
		4ED275CE13C1014F00DB7510 /* Circles */ = {
			isa = PBXGroup;
			children = (
				4ECFA0A913C281D4004388CE /* MachineThreadHost.h */,
				4ECFA0AA13C281D4004388CE /* MachineThreadHost.mm */,
				4ED275D713C1014F00DB7510 /* CirclesAppDelegate.h */,
				4ED275D813C1014F00DB7510 /* CirclesAppDelegate.mm */,
				4ED275E613C1066000DB7510 /* GLView.h */,
				4ED275E713C1066000DB7510 /* GLView.mm */,
				4ED275CF13C1014F00DB7510 /* Supporting Files */,
			);
			path = Circles;
			sourceTree = "<group>";
		};
		4ED275CF13C1014F00DB7510 /* Supporting Files */ = {
			isa = PBXGroup;
			children = (
				4ED275D013C1014F00DB7510 /* Circles-Info.plist */,
				4ED275D113C1014F00DB7510 /* InfoPlist.strings */,
				4ED275D413C1014F00DB7510 /* Circles-Prefix.pch */,
				4ED275D513C1014F00DB7510 /* main.m */,
			);
			name = "Supporting Files";
			sourceTree = "<group>";
		};
/* End PBXGroup section */

/* Begin PBXNativeTarget section */
		4ED275C313C1014E00DB7510 /* Circles */ = {
			isa = PBXNativeTarget;
			buildConfigurationList = 4ED275DF13C1014F00DB7510 /* Build configuration list for PBXNativeTarget "Circles" */;
			buildPhases = (
				4ED275C013C1014E00DB7510 /* Sources */,
				4ED275C113C1014E00DB7510 /* Frameworks */,
				4ED275C213C1014E00DB7510 /* Resources */,
			);
			buildRules = (
			);
			dependencies = (
			);
			name = Circles;
			productName = Circles;
			productReference = 4ED275C413C1014F00DB7510 /* Circles.app */;
			productType = "com.apple.product-type.application";
		};
/* End PBXNativeTarget section */

/* Begin PBXProject section */
		4ED275BB13C1014E00DB7510 /* Project object */ = {
			isa = PBXProject;
			buildConfigurationList = 4ED275BE13C1014E00DB7510 /* Build configuration list for PBXProject "Circles" */;
			compatibilityVersion = "Xcode 3.2";
			developmentRegion = English;
			hasScannedForEncodings = 0;
			knownRegions = (
				en,
			);
			mainGroup = 4ED275B913C1014E00DB7510;
			productRefGroup = 4ED275C513C1014F00DB7510 /* Products */;
			projectDirPath = "";
			projectRoot = "";
			targets = (
				4ED275C313C1014E00DB7510 /* Circles */,
			);
		};
/* End PBXProject section */

/* Begin PBXResourcesBuildPhase section */
		4ED275C213C1014E00DB7510 /* Resources */ = {
			isa = PBXResourcesBuildPhase;
			buildActionMask = 2147483647;
			files = (
				4ED275D313C1014F00DB7510 /* InfoPlist.strings in Resources */,
			);
			runOnlyForDeploymentPostprocessing = 0;
		};
/* End PBXResourcesBuildPhase section */

/* Begin PBXSourcesBuildPhase section */
		4ED275C013C1014E00DB7510 /* Sources */ = {
			isa = PBXSourcesBuildPhase;
			buildActionMask = 2147483647;
			files = (
				4ED275D613C1014F00DB7510 /* main.m in Sources */,
				4ED275D913C1014F00DB7510 /* CirclesAppDelegate.mm in Sources */,
				4ED275E813C1066000DB7510 /* GLView.mm in Sources */,
				4ECFA0AB13C281D4004388CE /* MachineThreadHost.mm in Sources */,
				4E36BB2E13C2AE1800D18CA9 /* MachineThread.cpp in Sources */,
				4E5BFFFD13C6D3A00036D68B /* OutputMachine.cpp in Sources */,
				4E4530C413C94FB100333B9C /* SineMachine.cpp in Sources */,
			);
			runOnlyForDeploymentPostprocessing = 0;
		};
/* End PBXSourcesBuildPhase section */

/* Begin PBXVariantGroup section */
		4ED275D113C1014F00DB7510 /* InfoPlist.strings */ = {
			isa = PBXVariantGroup;
			children = (
				4ED275D213C1014F00DB7510 /* en */,
			);
			name = InfoPlist.strings;
			sourceTree = "<group>";
		};
/* End PBXVariantGroup section */

/* Begin XCBuildConfiguration section */
		4ED275DD13C1014F00DB7510 /* Debug */ = {
			isa = XCBuildConfiguration;
			buildSettings = {
				ARCHS = "$(ARCHS_UNIVERSAL_IPHONE_OS)";
				"CODE_SIGN_IDENTITY[sdk=iphoneos*]" = "iPhone Developer";
				GCC_C_LANGUAGE_STANDARD = gnu99;
				GCC_OPTIMIZATION_LEVEL = 0;
				GCC_PREPROCESSOR_DEFINITIONS = DEBUG;
				GCC_SYMBOLS_PRIVATE_EXTERN = NO;
				GCC_VERSION = com.apple.compilers.llvmgcc42;
				GCC_WARN_ABOUT_RETURN_TYPE = YES;
				GCC_WARN_UNUSED_VARIABLE = YES;
				HEADER_SEARCH_PATHS = (
					$SOURCE_ROOT,
					/usr/local/include/boost_1_45_0,
				);
				IPHONEOS_DEPLOYMENT_TARGET = 4.3;
				SDKROOT = iphoneos;
				TARGETED_DEVICE_FAMILY = 2;
			};
			name = Debug;
		};
		4ED275DE13C1014F00DB7510 /* Release */ = {
			isa = XCBuildConfiguration;
			buildSettings = {
				ARCHS = "$(ARCHS_UNIVERSAL_IPHONE_OS)";
				"CODE_SIGN_IDENTITY[sdk=iphoneos*]" = "iPhone Developer";
				GCC_C_LANGUAGE_STANDARD = gnu99;
				GCC_VERSION = com.apple.compilers.llvmgcc42;
				GCC_WARN_ABOUT_RETURN_TYPE = YES;
				GCC_WARN_UNUSED_VARIABLE = YES;
				HEADER_SEARCH_PATHS = (
					$SOURCE_ROOT,
					/usr/local/include/boost_1_45_0,
				);
				IPHONEOS_DEPLOYMENT_TARGET = 4.3;
				OTHER_CFLAGS = "-DNS_BLOCK_ASSERTIONS=1";
				SDKROOT = iphoneos;
				TARGETED_DEVICE_FAMILY = 2;
			};
			name = Release;
		};
		4ED275E013C1014F00DB7510 /* Debug */ = {
			isa = XCBuildConfiguration;
			buildSettings = {
				ALWAYS_SEARCH_USER_PATHS = YES;
				COPY_PHASE_STRIP = NO;
				GCC_DYNAMIC_NO_PIC = NO;
				GCC_PRECOMPILE_PREFIX_HEADER = YES;
				GCC_PREFIX_HEADER = "Circles/Circles-Prefix.pch";
				HEADER_SEARCH_PATHS = (
					$SOURCE_ROOT,
					/usr/local/include/boost_1_45_0,
				);
				INFOPLIST_FILE = "Circles/Circles-Info.plist";
				PRODUCT_NAME = "$(TARGET_NAME)";
				WRAPPER_EXTENSION = app;
			};
			name = Debug;
		};
		4ED275E113C1014F00DB7510 /* Release */ = {
			isa = XCBuildConfiguration;
			buildSettings = {
				ALWAYS_SEARCH_USER_PATHS = YES;
				COPY_PHASE_STRIP = YES;
				GCC_PRECOMPILE_PREFIX_HEADER = YES;
				GCC_PREFIX_HEADER = "Circles/Circles-Prefix.pch";
				HEADER_SEARCH_PATHS = (
					$SOURCE_ROOT,
					/usr/local/include/boost_1_45_0,
				);
				INFOPLIST_FILE = "Circles/Circles-Info.plist";
				PRODUCT_NAME = "$(TARGET_NAME)";
				VALIDATE_PRODUCT = YES;
				WRAPPER_EXTENSION = app;
			};
			name = Release;
		};
/* End XCBuildConfiguration section */

/* Begin XCConfigurationList section */
		4ED275BE13C1014E00DB7510 /* Build configuration list for PBXProject "Circles" */ = {
			isa = XCConfigurationList;
			buildConfigurations = (
				4ED275DD13C1014F00DB7510 /* Debug */,
				4ED275DE13C1014F00DB7510 /* Release */,
			);
			defaultConfigurationIsVisible = 0;
			defaultConfigurationName = Release;
		};
		4ED275DF13C1014F00DB7510 /* Build configuration list for PBXNativeTarget "Circles" */ = {
			isa = XCConfigurationList;
			buildConfigurations = (
				4ED275E013C1014F00DB7510 /* Debug */,
				4ED275E113C1014F00DB7510 /* Release */,
			);
			defaultConfigurationIsVisible = 0;
			defaultConfigurationName = Release;
		};
/* End XCConfigurationList section */
	};
	rootObject = 4ED275BB13C1014E00DB7510 /* Project object */;
}
